
Microsoft Visual Studio Solution File, Format Version 12.00
# Visual Studio Version 17
VisualStudioVersion = 17.4.33205.214
MinimumVisualStudioVersion = 10.0.40219.1
Project("{2150E333-8FDC-42A3-9474-1A3956D46DE8}") = "src", "src", "{E6486A1F-BD28-43FA-BC5D-84A1726FBE7A}"
EndProject
Project("{2150E333-8FDC-42A3-9474-1A3956D46DE8}") = "Api", "Api", "{43A63AA0-E54B-4C0E-913B-14B70609F36D}"
EndProject
Project("{2150E333-8FDC-42A3-9474-1A3956D46DE8}") = "Clients", "Clients", "{FACA8BED-5B57-4CEA-BB70-C6D89FA1C58F}"
EndProject
Project("{2150E333-8FDC-42A3-9474-1A3956D46DE8}") = "Common", "Common", "{CC1D2A8B-0272-4E5F-9464-30D0B18C1E58}"
EndProject
Project("{2150E333-8FDC-42A3-9474-1A3956D46DE8}") = "Projections", "Projections", "{0C42BA95-BF60-4BCB-995C-C0E92E5A061B}"
EndProject
Project("{2150E333-8FDC-42A3-9474-1A3956D46DE8}") = "Core", "Core", "{BD216C53-1A23-4125-B9BA-F9A0204BCC4E}"
EndProject
Project("{2150E333-8FDC-42A3-9474-1A3956D46DE8}") = "Infrastructure", "Infrastructure", "{E9B4ACED-59F7-4204-9B0C-DCA4B1E499CD}"
EndProject
Project("{2150E333-8FDC-42A3-9474-1A3956D46DE8}") = "WebApi", "WebApi", "{40F460E6-3685-42F4-BEE7-5F037BAFB0DE}"
EndProject
Project("{2150E333-8FDC-42A3-9474-1A3956D46DE8}") = "BlazorWeb", "BlazorWeb", "{D89B8E5C-8839-43A3-AC65-E2D574BC6AAD}"
EndProject
Project("{FAE04EC0-301F-11D3-BF4B-00C04F79EFBC}") = "BlazorSozluk.Common", "src\Common\BlazorSozluk.Common\BlazorSozluk.Common.csproj", "{CFC00C21-316F-451F-92A7-4942DF772928}"
EndProject
Project("{FAE04EC0-301F-11D3-BF4B-00C04F79EFBC}") = "BlazorSozluk.Api.Domain", "src\Api\Core\BlazorSozluk.Api.Domain\BlazorSozluk.Api.Domain.csproj", "{54DF4EE9-9E18-4129-AD1A-2900F9E77C5B}"
EndProject
Project("{FAE04EC0-301F-11D3-BF4B-00C04F79EFBC}") = "BlazorSozluk.Api.Application", "src\Api\Core\BlazorSozluk.Api.Application\BlazorSozluk.Api.Application.csproj", "{6705EEBB-DE2E-4427-B777-ADA5BAFE1EFC}"
EndProject
Project("{FAE04EC0-301F-11D3-BF4B-00C04F79EFBC}") = "BlazorSozluk.Infrastructure.Persistence", "src\Api\Infrastructure\BlazorSozluk.Infrastructure.Persistence\BlazorSozluk.Infrastructure.Persistence.csproj", "{7EFEE6A3-C7EB-46EA-9199-D415EC61311F}"
EndProject
Project("{FAE04EC0-301F-11D3-BF4B-00C04F79EFBC}") = "BlazorSozluk.Api.WebApi", "src\Api\WebApi\BlazorSozluk.Api.WebApi\BlazorSozluk.Api.WebApi.csproj", "{42FDF84A-69B5-49CE-AE25-00B6FC473229}"
EndProject
Project("{FAE04EC0-301F-11D3-BF4B-00C04F79EFBC}") = "BlazorSozluk.Projections.FavoriteService", "src\Projections\BlazorSozluk.Projections.FavoriteService\BlazorSozluk.Projections.FavoriteService.csproj", "{04D340C6-78CC-4C83-8922-936B1FB3649F}"
EndProject
Project("{FAE04EC0-301F-11D3-BF4B-00C04F79EFBC}") = "BlazorSozluk.Projections.VoteService", "src\Projections\BlazorSozluk.Projections.VoteService\BlazorSozluk.Projections.VoteService.csproj", "{854F1CE1-8788-4395-87CD-FC7032DBB02F}"
EndProject
Project("{FAE04EC0-301F-11D3-BF4B-00C04F79EFBC}") = "BlazorSozluk.Projections.UserService", "src\Projections\BlazorSozluk.Projections.UserService\BlazorSozluk.Projections.UserService.csproj", "{F41F58C7-B98A-4F32-95F5-A7EA4C1EE0E0}"
EndProject
Project("{FAE04EC0-301F-11D3-BF4B-00C04F79EFBC}") = "BlazorSozluk.WebApp", "src\Clients\BlazorWeb\BlazorSozluk.WebApp\BlazorSozluk.WebApp.csproj", "{44ACF45C-0D21-4EF0-A19A-4EB3C0A4284B}"
EndProject
Global
	GlobalSection(SolutionConfigurationPlatforms) = preSolution
		Debug|Any CPU = Debug|Any CPU
		Release|Any CPU = Release|Any CPU
	EndGlobalSection
	GlobalSection(ProjectConfigurationPlatforms) = postSolution
		{CFC00C21-316F-451F-92A7-4942DF772928}.Debug|Any CPU.ActiveCfg = Debug|Any CPU
		{CFC00C21-316F-451F-92A7-4942DF772928}.Debug|Any CPU.Build.0 = Debug|Any CPU
		{CFC00C21-316F-451F-92A7-4942DF772928}.Release|Any CPU.ActiveCfg = Release|Any CPU
		{CFC00C21-316F-451F-92A7-4942DF772928}.Release|Any CPU.Build.0 = Release|Any CPU
		{54DF4EE9-9E18-4129-AD1A-2900F9E77C5B}.Debug|Any CPU.ActiveCfg = Debug|Any CPU
		{54DF4EE9-9E18-4129-AD1A-2900F9E77C5B}.Debug|Any CPU.Build.0 = Debug|Any CPU
		{54DF4EE9-9E18-4129-AD1A-2900F9E77C5B}.Release|Any CPU.ActiveCfg = Release|Any CPU
		{54DF4EE9-9E18-4129-AD1A-2900F9E77C5B}.Release|Any CPU.Build.0 = Release|Any CPU
		{6705EEBB-DE2E-4427-B777-ADA5BAFE1EFC}.Debug|Any CPU.ActiveCfg = Debug|Any CPU
		{6705EEBB-DE2E-4427-B777-ADA5BAFE1EFC}.Debug|Any CPU.Build.0 = Debug|Any CPU
		{6705EEBB-DE2E-4427-B777-ADA5BAFE1EFC}.Release|Any CPU.ActiveCfg = Release|Any CPU
		{6705EEBB-DE2E-4427-B777-ADA5BAFE1EFC}.Release|Any CPU.Build.0 = Release|Any CPU
		{7EFEE6A3-C7EB-46EA-9199-D415EC61311F}.Debug|Any CPU.ActiveCfg = Debug|Any CPU
		{7EFEE6A3-C7EB-46EA-9199-D415EC61311F}.Debug|Any CPU.Build.0 = Debug|Any CPU
		{7EFEE6A3-C7EB-46EA-9199-D415EC61311F}.Release|Any CPU.ActiveCfg = Release|Any CPU
		{7EFEE6A3-C7EB-46EA-9199-D415EC61311F}.Release|Any CPU.Build.0 = Release|Any CPU
		{42FDF84A-69B5-49CE-AE25-00B6FC473229}.Debug|Any CPU.ActiveCfg = Debug|Any CPU
		{42FDF84A-69B5-49CE-AE25-00B6FC473229}.Debug|Any CPU.Build.0 = Debug|Any CPU
		{42FDF84A-69B5-49CE-AE25-00B6FC473229}.Release|Any CPU.ActiveCfg = Release|Any CPU
		{42FDF84A-69B5-49CE-AE25-00B6FC473229}.Release|Any CPU.Build.0 = Release|Any CPU
		{04D340C6-78CC-4C83-8922-936B1FB3649F}.Debug|Any CPU.ActiveCfg = Debug|Any CPU
		{04D340C6-78CC-4C83-8922-936B1FB3649F}.Debug|Any CPU.Build.0 = Debug|Any CPU
		{04D340C6-78CC-4C83-8922-936B1FB3649F}.Release|Any CPU.ActiveCfg = Release|Any CPU
		{04D340C6-78CC-4C83-8922-936B1FB3649F}.Release|Any CPU.Build.0 = Release|Any CPU
		{854F1CE1-8788-4395-87CD-FC7032DBB02F}.Debug|Any CPU.ActiveCfg = Debug|Any CPU
		{854F1CE1-8788-4395-87CD-FC7032DBB02F}.Debug|Any CPU.Build.0 = Debug|Any CPU
		{854F1CE1-8788-4395-87CD-FC7032DBB02F}.Release|Any CPU.ActiveCfg = Release|Any CPU
		{854F1CE1-8788-4395-87CD-FC7032DBB02F}.Release|Any CPU.Build.0 = Release|Any CPU
		{F41F58C7-B98A-4F32-95F5-A7EA4C1EE0E0}.Debug|Any CPU.ActiveCfg = Debug|Any CPU
		{F41F58C7-B98A-4F32-95F5-A7EA4C1EE0E0}.Debug|Any CPU.Build.0 = Debug|Any CPU
		{F41F58C7-B98A-4F32-95F5-A7EA4C1EE0E0}.Release|Any CPU.ActiveCfg = Release|Any CPU
		{F41F58C7-B98A-4F32-95F5-A7EA4C1EE0E0}.Release|Any CPU.Build.0 = Release|Any CPU
		{44ACF45C-0D21-4EF0-A19A-4EB3C0A4284B}.Debug|Any CPU.ActiveCfg = Debug|Any CPU
		{44ACF45C-0D21-4EF0-A19A-4EB3C0A4284B}.Debug|Any CPU.Build.0 = Debug|Any CPU
		{44ACF45C-0D21-4EF0-A19A-4EB3C0A4284B}.Release|Any CPU.ActiveCfg = Release|Any CPU
		{44ACF45C-0D21-4EF0-A19A-4EB3C0A4284B}.Release|Any CPU.Build.0 = Release|Any CPU
	EndGlobalSection
	GlobalSection(SolutionProperties) = preSolution
		HideSolutionNode = FALSE
	EndGlobalSection
	GlobalSection(NestedProjects) = preSolution
		{43A63AA0-E54B-4C0E-913B-14B70609F36D} = {E6486A1F-BD28-43FA-BC5D-84A1726FBE7A}
		{FACA8BED-5B57-4CEA-BB70-C6D89FA1C58F} = {E6486A1F-BD28-43FA-BC5D-84A1726FBE7A}
		{CC1D2A8B-0272-4E5F-9464-30D0B18C1E58} = {E6486A1F-BD28-43FA-BC5D-84A1726FBE7A}
		{0C42BA95-BF60-4BCB-995C-C0E92E5A061B} = {E6486A1F-BD28-43FA-BC5D-84A1726FBE7A}
		{BD216C53-1A23-4125-B9BA-F9A0204BCC4E} = {43A63AA0-E54B-4C0E-913B-14B70609F36D}
		{E9B4ACED-59F7-4204-9B0C-DCA4B1E499CD} = {43A63AA0-E54B-4C0E-913B-14B70609F36D}
		{40F460E6-3685-42F4-BEE7-5F037BAFB0DE} = {43A63AA0-E54B-4C0E-913B-14B70609F36D}
		{D89B8E5C-8839-43A3-AC65-E2D574BC6AAD} = {FACA8BED-5B57-4CEA-BB70-C6D89FA1C58F}
		{CFC00C21-316F-451F-92A7-4942DF772928} = {CC1D2A8B-0272-4E5F-9464-30D0B18C1E58}
		{54DF4EE9-9E18-4129-AD1A-2900F9E77C5B} = {BD216C53-1A23-4125-B9BA-F9A0204BCC4E}
		{6705EEBB-DE2E-4427-B777-ADA5BAFE1EFC} = {BD216C53-1A23-4125-B9BA-F9A0204BCC4E}
		{7EFEE6A3-C7EB-46EA-9199-D415EC61311F} = {E9B4ACED-59F7-4204-9B0C-DCA4B1E499CD}
		{42FDF84A-69B5-49CE-AE25-00B6FC473229} = {40F460E6-3685-42F4-BEE7-5F037BAFB0DE}
		{04D340C6-78CC-4C83-8922-936B1FB3649F} = {0C42BA95-BF60-4BCB-995C-C0E92E5A061B}
		{854F1CE1-8788-4395-87CD-FC7032DBB02F} = {0C42BA95-BF60-4BCB-995C-C0E92E5A061B}
		{F41F58C7-B98A-4F32-95F5-A7EA4C1EE0E0} = {0C42BA95-BF60-4BCB-995C-C0E92E5A061B}
		{44ACF45C-0D21-4EF0-A19A-4EB3C0A4284B} = {D89B8E5C-8839-43A3-AC65-E2D574BC6AAD}
	EndGlobalSection
	GlobalSection(ExtensibilityGlobals) = postSolution
		SolutionGuid = {85C5CC68-C305-4484-917A-24E35B813186}
	EndGlobalSection
EndGlobal
